
Microsoft Visual Studio Solution File, Format Version 12.00
# Visual Studio Version 17
VisualStudioVersion = 17.12.35527.113 d17.12
MinimumVisualStudioVersion = 10.0.40219.1
Project("{FAE04EC0-301F-11D3-BF4B-00C04F79EFBC}") = "eSankalpAdmin", "eSankalpAdmin\eSankalpAdmin.csproj", "{A8FB420D-0539-47A4-8D1E-6E4F87BE3DD5}"
EndProject
Project("{FAE04EC0-301F-11D3-BF4B-00C04F79EFBC}") = "eSankalpAdmin.Data", "eSankalpAdmin.Data\eSankalpAdmin.Data.csproj", "{90F93DA2-4CE8-4086-AC97-AF904FBD11C2}"
EndProject
Global
	GlobalSection(SolutionConfigurationPlatforms) = preSolution
		Debug|Any CPU = Debug|Any CPU
		Release|Any CPU = Release|Any CPU
	EndGlobalSection
	GlobalSection(ProjectConfigurationPlatforms) = postSolution
		{A8FB420D-0539-47A4-8D1E-6E4F87BE3DD5}.Debug|Any CPU.ActiveCfg = Debug|Any CPU
		{A8FB420D-0539-47A4-8D1E-6E4F87BE3DD5}.Debug|Any CPU.Build.0 = Debug|Any CPU
		{A8FB420D-0539-47A4-8D1E-6E4F87BE3DD5}.Release|Any CPU.ActiveCfg = Release|Any CPU
		{A8FB420D-0539-47A4-8D1E-6E4F87BE3DD5}.Release|Any CPU.Build.0 = Release|Any CPU
		{90F93DA2-4CE8-4086-AC97-AF904FBD11C2}.Debug|Any CPU.ActiveCfg = Debug|Any CPU
		{90F93DA2-4CE8-4086-AC97-AF904FBD11C2}.Debug|Any CPU.Build.0 = Debug|Any CPU
		{90F93DA2-4CE8-4086-AC97-AF904FBD11C2}.Release|Any CPU.ActiveCfg = Release|Any CPU
		{90F93DA2-4CE8-4086-AC97-AF904FBD11C2}.Release|Any CPU.Build.0 = Release|Any CPU
	EndGlobalSection
	GlobalSection(SolutionProperties) = preSolution
		HideSolutionNode = FALSE
	EndGlobalSection
EndGlobal
